
Microsoft Visual Studio Solution File, Format Version 12.00
# Visual Studio Version 17
VisualStudioVersion = 17.5.002.0
MinimumVisualStudioVersion = 10.0.40219.1
Project("{9A19103F-16F7-4668-BE54-9A1E7A4F7556}") = "Modulo 2 Creacion de metodos de C# con parametros", "Modulo 2 Creacion de metodos de C# con parametros.csproj", "{8460BE31-C03F-42BD-9808-03BFCB5221F6}"
EndProject
Global
	GlobalSection(SolutionConfigurationPlatforms) = preSolution
		Debug|Any CPU = Debug|Any CPU
		Release|Any CPU = Release|Any CPU
	EndGlobalSection
	GlobalSection(ProjectConfigurationPlatforms) = postSolution
		{8460BE31-C03F-42BD-9808-03BFCB5221F6}.Debug|Any CPU.ActiveCfg = Debug|Any CPU
		{8460BE31-C03F-42BD-9808-03BFCB5221F6}.Debug|Any CPU.Build.0 = Debug|Any CPU
		{8460BE31-C03F-42BD-9808-03BFCB5221F6}.Release|Any CPU.ActiveCfg = Release|Any CPU
		{8460BE31-C03F-42BD-9808-03BFCB5221F6}.Release|Any CPU.Build.0 = Release|Any CPU
	EndGlobalSection
	GlobalSection(SolutionProperties) = preSolution
		HideSolutionNode = FALSE
	EndGlobalSection
	GlobalSection(ExtensibilityGlobals) = postSolution
		SolutionGuid = {BB7CD36A-6F8E-4BC9-AB2D-9DDB10DAC8FC}
	EndGlobalSection
EndGlobal
