
Microsoft Visual Studio Solution File, Format Version 12.00
# Visual Studio Version 17
VisualStudioVersion = 17.5.002.0
MinimumVisualStudioVersion = 10.0.40219.1
Project("{9A19103F-16F7-4668-BE54-9A1E7A4F7556}") = "Modulo 3 Ramificacion del flujo de codigo", "Modulo 3 Ramificacion del flujo de codigo.csproj", "{FE091AF6-4875-45FB-90D9-54ECA98F6A04}"
EndProject
Global
	GlobalSection(SolutionConfigurationPlatforms) = preSolution
		Debug|Any CPU = Debug|Any CPU
		Release|Any CPU = Release|Any CPU
	EndGlobalSection
	GlobalSection(ProjectConfigurationPlatforms) = postSolution
		{FE091AF6-4875-45FB-90D9-54ECA98F6A04}.Debug|Any CPU.ActiveCfg = Debug|Any CPU
		{FE091AF6-4875-45FB-90D9-54ECA98F6A04}.Debug|Any CPU.Build.0 = Debug|Any CPU
		{FE091AF6-4875-45FB-90D9-54ECA98F6A04}.Release|Any CPU.ActiveCfg = Release|Any CPU
		{FE091AF6-4875-45FB-90D9-54ECA98F6A04}.Release|Any CPU.Build.0 = Release|Any CPU
	EndGlobalSection
	GlobalSection(SolutionProperties) = preSolution
		HideSolutionNode = FALSE
	EndGlobalSection
	GlobalSection(ExtensibilityGlobals) = postSolution
		SolutionGuid = {0F960B95-0441-4B86-8D35-3C01F369F5AB}
	EndGlobalSection
EndGlobal
