
Microsoft Visual Studio Solution File, Format Version 12.00
# Visual Studio Version 17
VisualStudioVersion = 17.5.002.0
MinimumVisualStudioVersion = 10.0.40219.1
Project("{9A19103F-16F7-4668-BE54-9A1E7A4F7556}") = "Modulo 6 Proyecto trabajo con datos de variables", "Modulo 6 Proyecto trabajo con datos de variables.csproj", "{1BFCBBF0-486E-4E7D-988A-B7229537DD73}"
EndProject
Global
	GlobalSection(SolutionConfigurationPlatforms) = preSolution
		Debug|Any CPU = Debug|Any CPU
		Release|Any CPU = Release|Any CPU
	EndGlobalSection
	GlobalSection(ProjectConfigurationPlatforms) = postSolution
		{1BFCBBF0-486E-4E7D-988A-B7229537DD73}.Debug|Any CPU.ActiveCfg = Debug|Any CPU
		{1BFCBBF0-486E-4E7D-988A-B7229537DD73}.Debug|Any CPU.Build.0 = Debug|Any CPU
		{1BFCBBF0-486E-4E7D-988A-B7229537DD73}.Release|Any CPU.ActiveCfg = Release|Any CPU
		{1BFCBBF0-486E-4E7D-988A-B7229537DD73}.Release|Any CPU.Build.0 = Release|Any CPU
	EndGlobalSection
	GlobalSection(SolutionProperties) = preSolution
		HideSolutionNode = FALSE
	EndGlobalSection
	GlobalSection(ExtensibilityGlobals) = postSolution
		SolutionGuid = {C6751D12-041E-4E69-958C-5B19BB16CB58}
	EndGlobalSection
EndGlobal
