
Microsoft Visual Studio Solution File, Format Version 12.00
# Visual Studio Version 17
VisualStudioVersion = 17.5.002.0
MinimumVisualStudioVersion = 10.0.40219.1
Project("{9A19103F-16F7-4668-BE54-9A1E7A4F7556}") = "Modulo 2 Llamar a metodos", "Modulo 2 Llamar a metodos.csproj", "{C3CF934A-20E0-4621-9210-64C3D407F970}"
EndProject
Global
	GlobalSection(SolutionConfigurationPlatforms) = preSolution
		Debug|Any CPU = Debug|Any CPU
		Release|Any CPU = Release|Any CPU
	EndGlobalSection
	GlobalSection(ProjectConfigurationPlatforms) = postSolution
		{C3CF934A-20E0-4621-9210-64C3D407F970}.Debug|Any CPU.ActiveCfg = Debug|Any CPU
		{C3CF934A-20E0-4621-9210-64C3D407F970}.Debug|Any CPU.Build.0 = Debug|Any CPU
		{C3CF934A-20E0-4621-9210-64C3D407F970}.Release|Any CPU.ActiveCfg = Release|Any CPU
		{C3CF934A-20E0-4621-9210-64C3D407F970}.Release|Any CPU.Build.0 = Release|Any CPU
	EndGlobalSection
	GlobalSection(SolutionProperties) = preSolution
		HideSolutionNode = FALSE
	EndGlobalSection
	GlobalSection(ExtensibilityGlobals) = postSolution
		SolutionGuid = {450CAB5F-0EA8-4350-9F73-08F75B294AB4}
	EndGlobalSection
EndGlobal
