
Microsoft Visual Studio Solution File, Format Version 12.00
# Visual Studio Version 17
VisualStudioVersion = 17.5.002.0
MinimumVisualStudioVersion = 10.0.40219.1
Project("{9A19103F-16F7-4668-BE54-9A1E7A4F7556}") = "Modulo 6 Proyecto procesar datos de matriz", "Modulo 6 Proyecto procesar datos de matriz.csproj", "{79287A7F-C1BB-46B9-A303-9A28402684D4}"
EndProject
Global
	GlobalSection(SolutionConfigurationPlatforms) = preSolution
		Debug|Any CPU = Debug|Any CPU
		Release|Any CPU = Release|Any CPU
	EndGlobalSection
	GlobalSection(ProjectConfigurationPlatforms) = postSolution
		{79287A7F-C1BB-46B9-A303-9A28402684D4}.Debug|Any CPU.ActiveCfg = Debug|Any CPU
		{79287A7F-C1BB-46B9-A303-9A28402684D4}.Debug|Any CPU.Build.0 = Debug|Any CPU
		{79287A7F-C1BB-46B9-A303-9A28402684D4}.Release|Any CPU.ActiveCfg = Release|Any CPU
		{79287A7F-C1BB-46B9-A303-9A28402684D4}.Release|Any CPU.Build.0 = Release|Any CPU
	EndGlobalSection
	GlobalSection(SolutionProperties) = preSolution
		HideSolutionNode = FALSE
	EndGlobalSection
	GlobalSection(ExtensibilityGlobals) = postSolution
		SolutionGuid = {20FFCDB2-738D-408E-AB01-D4086FB5F641}
	EndGlobalSection
EndGlobal
