
Microsoft Visual Studio Solution File, Format Version 12.00
# Visual Studio Version 17
VisualStudioVersion = 17.5.002.0
MinimumVisualStudioVersion = 10.0.40219.1
Project("{9A19103F-16F7-4668-BE54-9A1E7A4F7556}") = "Modulo 2 Conversion de tipos de datos", "Modulo 2 Conversion de tipos de datos.csproj", "{12A1C4F2-A6A9-468D-B9FA-C545A4D8B52D}"
EndProject
Global
	GlobalSection(SolutionConfigurationPlatforms) = preSolution
		Debug|Any CPU = Debug|Any CPU
		Release|Any CPU = Release|Any CPU
	EndGlobalSection
	GlobalSection(ProjectConfigurationPlatforms) = postSolution
		{12A1C4F2-A6A9-468D-B9FA-C545A4D8B52D}.Debug|Any CPU.ActiveCfg = Debug|Any CPU
		{12A1C4F2-A6A9-468D-B9FA-C545A4D8B52D}.Debug|Any CPU.Build.0 = Debug|Any CPU
		{12A1C4F2-A6A9-468D-B9FA-C545A4D8B52D}.Release|Any CPU.ActiveCfg = Release|Any CPU
		{12A1C4F2-A6A9-468D-B9FA-C545A4D8B52D}.Release|Any CPU.Build.0 = Release|Any CPU
	EndGlobalSection
	GlobalSection(SolutionProperties) = preSolution
		HideSolutionNode = FALSE
	EndGlobalSection
	GlobalSection(ExtensibilityGlobals) = postSolution
		SolutionGuid = {43D48825-7C2E-4C7D-A9F8-40D23DFAD44C}
	EndGlobalSection
EndGlobal
