
Microsoft Visual Studio Solution File, Format Version 12.00
# Visual Studio Version 17
VisualStudioVersion = 17.5.002.0
MinimumVisualStudioVersion = 10.0.40219.1
Project("{9A19103F-16F7-4668-BE54-9A1E7A4F7556}") = "Modulo 4 Aplicacion de formato a datos alfanumericos", "Modulo 4 Aplicacion de formato a datos alfanumericos.csproj", "{F24DC073-3ADC-4B32-9CE9-D32D3F8E386B}"
EndProject
Global
	GlobalSection(SolutionConfigurationPlatforms) = preSolution
		Debug|Any CPU = Debug|Any CPU
		Release|Any CPU = Release|Any CPU
	EndGlobalSection
	GlobalSection(ProjectConfigurationPlatforms) = postSolution
		{F24DC073-3ADC-4B32-9CE9-D32D3F8E386B}.Debug|Any CPU.ActiveCfg = Debug|Any CPU
		{F24DC073-3ADC-4B32-9CE9-D32D3F8E386B}.Debug|Any CPU.Build.0 = Debug|Any CPU
		{F24DC073-3ADC-4B32-9CE9-D32D3F8E386B}.Release|Any CPU.ActiveCfg = Release|Any CPU
		{F24DC073-3ADC-4B32-9CE9-D32D3F8E386B}.Release|Any CPU.Build.0 = Release|Any CPU
	EndGlobalSection
	GlobalSection(SolutionProperties) = preSolution
		HideSolutionNode = FALSE
	EndGlobalSection
	GlobalSection(ExtensibilityGlobals) = postSolution
		SolutionGuid = {33D00BA9-897C-4695-B14A-C2D641D28D24}
	EndGlobalSection
EndGlobal
